// !$*UTF8*$!
{
	archiveVersion = 1;
	classes = {
	};
	objectVersion = 56;
	objects = {

/* Begin PBXBuildFile section */
		447C786F2BFB0FAA0066D390 /* HoleInTheWallAlphaApp.swift in Sources */ = {isa = PBXBuildFile; fileRef = 447C786E2BFB0FAA0066D390 /* HoleInTheWallAlphaApp.swift */; };
		447C78712BFB0FAA0066D390 /* ContentView.swift in Sources */ = {isa = PBXBuildFile; fileRef = 447C78702BFB0FAA0066D390 /* ContentView.swift */; };
		447C78732BFB0FAB0066D390 /* Assets.xcassets in Resources */ = {isa = PBXBuildFile; fileRef = 447C78722BFB0FAB0066D390 /* Assets.xcassets */; };
		447C78762BFB0FAB0066D390 /* Preview Assets.xcassets in Resources */ = {isa = PBXBuildFile; fileRef = 447C78752BFB0FAB0066D390 /* Preview Assets.xcassets */; };
		447C787E2BFB11790066D390 /* StagesScreenView.swift in Sources */ = {isa = PBXBuildFile; fileRef = 447C787D2BFB11790066D390 /* StagesScreenView.swift */; };
		447C78862BFB168B0066D390 /* StartScreenView.swift in Sources */ = {isa = PBXBuildFile; fileRef = 447C78852BFB168B0066D390 /* StartScreenView.swift */; };
		447C78882BFB18DC0066D390 /* Shape.swift in Sources */ = {isa = PBXBuildFile; fileRef = 447C78872BFB18DC0066D390 /* Shape.swift */; };
		447C788A2BFB19D20066D390 /* StageModel.swift in Sources */ = {isa = PBXBuildFile; fileRef = 447C78892BFB19D20066D390 /* StageModel.swift */; };
		447C788E2BFC53470066D390 /* CameraView.swift in Sources */ = {isa = PBXBuildFile; fileRef = 447C788D2BFC53470066D390 /* CameraView.swift */; };
		447C78982BFC73460066D390 /* PoseDetectionViewModel.swift in Sources */ = {isa = PBXBuildFile; fileRef = 447C78972BFC73460066D390 /* PoseDetectionViewModel.swift */; };
		447C78A12BFC85EA0066D390 /* AButtonStyle.swift in Sources */ = {isa = PBXBuildFile; fileRef = 447C78A02BFC85EA0066D390 /* AButtonStyle.swift */; };
		447C78A52BFC865A0066D390 /* ATextStyle.swift in Sources */ = {isa = PBXBuildFile; fileRef = 447C78A42BFC865A0066D390 /* ATextStyle.swift */; };
		447C78A72BFD03730066D390 /* AspectRatioView.swift in Sources */ = {isa = PBXBuildFile; fileRef = 447C78A62BFD03730066D390 /* AspectRatioView.swift */; };
		447C78A92BFDA2320066D390 /* AppDelegate.swift in Sources */ = {isa = PBXBuildFile; fileRef = 447C78A82BFDA2320066D390 /* AppDelegate.swift */; };
/* End PBXBuildFile section */

/* Begin PBXFileReference section */
		447C786B2BFB0FAA0066D390 /* HoleInTheWallAlpha.app */ = {isa = PBXFileReference; explicitFileType = wrapper.application; includeInIndex = 0; path = HoleInTheWallAlpha.app; sourceTree = BUILT_PRODUCTS_DIR; };
		447C786E2BFB0FAA0066D390 /* HoleInTheWallAlphaApp.swift */ = {isa = PBXFileReference; lastKnownFileType = sourcecode.swift; path = HoleInTheWallAlphaApp.swift; sourceTree = "<group>"; };
		447C78702BFB0FAA0066D390 /* ContentView.swift */ = {isa = PBXFileReference; lastKnownFileType = sourcecode.swift; path = ContentView.swift; sourceTree = "<group>"; };
		447C78722BFB0FAB0066D390 /* Assets.xcassets */ = {isa = PBXFileReference; lastKnownFileType = folder.assetcatalog; path = Assets.xcassets; sourceTree = "<group>"; };
		447C78752BFB0FAB0066D390 /* Preview Assets.xcassets */ = {isa = PBXFileReference; lastKnownFileType = folder.assetcatalog; path = "Preview Assets.xcassets"; sourceTree = "<group>"; };
		447C78772BFB0FAB0066D390 /* HoleInTheWallAlpha.entitlements */ = {isa = PBXFileReference; lastKnownFileType = text.plist.entitlements; path = HoleInTheWallAlpha.entitlements; sourceTree = "<group>"; };
		447C787D2BFB11790066D390 /* StagesScreenView.swift */ = {isa = PBXFileReference; lastKnownFileType = sourcecode.swift; path = StagesScreenView.swift; sourceTree = "<group>"; };
		447C787F2BFB13040066D390 /* Info.plist */ = {isa = PBXFileReference; lastKnownFileType = text.plist; path = Info.plist; sourceTree = "<group>"; };
		447C78852BFB168B0066D390 /* StartScreenView.swift */ = {isa = PBXFileReference; lastKnownFileType = sourcecode.swift; path = StartScreenView.swift; sourceTree = "<group>"; };
		447C78872BFB18DC0066D390 /* Shape.swift */ = {isa = PBXFileReference; lastKnownFileType = sourcecode.swift; path = Shape.swift; sourceTree = "<group>"; };
		447C78892BFB19D20066D390 /* StageModel.swift */ = {isa = PBXFileReference; lastKnownFileType = sourcecode.swift; path = StageModel.swift; sourceTree = "<group>"; };
		447C788D2BFC53470066D390 /* CameraView.swift */ = {isa = PBXFileReference; lastKnownFileType = sourcecode.swift; path = CameraView.swift; sourceTree = "<group>"; };
		447C78972BFC73460066D390 /* PoseDetectionViewModel.swift */ = {isa = PBXFileReference; lastKnownFileType = sourcecode.swift; path = PoseDetectionViewModel.swift; sourceTree = "<group>"; };
		447C78A02BFC85EA0066D390 /* AButtonStyle.swift */ = {isa = PBXFileReference; lastKnownFileType = sourcecode.swift; path = AButtonStyle.swift; sourceTree = "<group>"; };
		447C78A42BFC865A0066D390 /* ATextStyle.swift */ = {isa = PBXFileReference; lastKnownFileType = sourcecode.swift; path = ATextStyle.swift; sourceTree = "<group>"; };
		447C78A62BFD03730066D390 /* AspectRatioView.swift */ = {isa = PBXFileReference; lastKnownFileType = sourcecode.swift; path = AspectRatioView.swift; sourceTree = "<group>"; };
		447C78A82BFDA2320066D390 /* AppDelegate.swift */ = {isa = PBXFileReference; lastKnownFileType = sourcecode.swift; path = AppDelegate.swift; sourceTree = "<group>"; };
/* End PBXFileReference section */

/* Begin PBXFrameworksBuildPhase section */
		447C78682BFB0FAA0066D390 /* Frameworks */ = {
			isa = PBXFrameworksBuildPhase;
			buildActionMask = 2147483647;
			files = (
			);
			runOnlyForDeploymentPostprocessing = 0;
		};
/* End PBXFrameworksBuildPhase section */

/* Begin PBXGroup section */
		447C78622BFB0FAA0066D390 = {
			isa = PBXGroup;
			children = (
				447C786D2BFB0FAA0066D390 /* HoleInTheWallAlpha */,
				447C786C2BFB0FAA0066D390 /* Products */,
			);
			sourceTree = "<group>";
		};
		447C786C2BFB0FAA0066D390 /* Products */ = {
			isa = PBXGroup;
			children = (
				447C786B2BFB0FAA0066D390 /* HoleInTheWallAlpha.app */,
			);
			name = Products;
			sourceTree = "<group>";
		};
		447C786D2BFB0FAA0066D390 /* HoleInTheWallAlpha */ = {
			isa = PBXGroup;
			children = (
				447C786E2BFB0FAA0066D390 /* HoleInTheWallAlphaApp.swift */,
				447C78702BFB0FAA0066D390 /* ContentView.swift */,
				447C78772BFB0FAB0066D390 /* HoleInTheWallAlpha.entitlements */,
				447C787F2BFB13040066D390 /* Info.plist */,
				447C78722BFB0FAB0066D390 /* Assets.xcassets */,
				447C78742BFB0FAB0066D390 /* Preview Content */,
				447C78842BFB13DF0066D390 /* Models */,
				447C78832BFB13D80066D390 /* Views */,
				447C78962BFC72F90066D390 /* ViewModels */,
				447C78A82BFDA2320066D390 /* AppDelegate.swift */,
			);
			path = HoleInTheWallAlpha;
			sourceTree = "<group>";
		};
		447C78742BFB0FAB0066D390 /* Preview Content */ = {
			isa = PBXGroup;
			children = (
				447C78752BFB0FAB0066D390 /* Preview Assets.xcassets */,
			);
			path = "Preview Content";
			sourceTree = "<group>";
		};
		447C78832BFB13D80066D390 /* Views */ = {
			isa = PBXGroup;
			children = (
				447C789B2BFC74D10066D390 /* Styles */,
				447C78922BFC6CE00066D390 /* Scenes */,
				447C78932BFC6CED0066D390 /* Screens */,
				447C78A62BFD03730066D390 /* AspectRatioView.swift */,
			);
			path = Views;
			sourceTree = "<group>";
		};
		447C78842BFB13DF0066D390 /* Models */ = {
			isa = PBXGroup;
			children = (
				447C78872BFB18DC0066D390 /* Shape.swift */,
				447C78892BFB19D20066D390 /* StageModel.swift */,
			);
			path = Models;
			sourceTree = "<group>";
		};
		447C78922BFC6CE00066D390 /* Scenes */ = {
			isa = PBXGroup;
			children = (
				447C788D2BFC53470066D390 /* CameraView.swift */,
			);
			path = Scenes;
			sourceTree = "<group>";
		};
		447C78932BFC6CED0066D390 /* Screens */ = {
			isa = PBXGroup;
			children = (
				447C787D2BFB11790066D390 /* StagesScreenView.swift */,
				447C78852BFB168B0066D390 /* StartScreenView.swift */,
			);
			path = Screens;
			sourceTree = "<group>";
		};
		447C78962BFC72F90066D390 /* ViewModels */ = {
			isa = PBXGroup;
			children = (
				447C78972BFC73460066D390 /* PoseDetectionViewModel.swift */,
			);
			path = ViewModels;
			sourceTree = "<group>";
		};
		447C789B2BFC74D10066D390 /* Styles */ = {
			isa = PBXGroup;
			children = (
				447C78A02BFC85EA0066D390 /* AButtonStyle.swift */,
				447C78A42BFC865A0066D390 /* ATextStyle.swift */,
			);
			path = Styles;
			sourceTree = "<group>";
		};
/* End PBXGroup section */

/* Begin PBXNativeTarget section */
		447C786A2BFB0FAA0066D390 /* HoleInTheWallAlpha */ = {
			isa = PBXNativeTarget;
			buildConfigurationList = 447C787A2BFB0FAB0066D390 /* Build configuration list for PBXNativeTarget "HoleInTheWallAlpha" */;
			buildPhases = (
				447C78672BFB0FAA0066D390 /* Sources */,
				447C78682BFB0FAA0066D390 /* Frameworks */,
				447C78692BFB0FAA0066D390 /* Resources */,
			);
			buildRules = (
			);
			dependencies = (
			);
			name = HoleInTheWallAlpha;
			productName = HoleInTheWallAlpha;
			productReference = 447C786B2BFB0FAA0066D390 /* HoleInTheWallAlpha.app */;
			productType = "com.apple.product-type.application";
		};
/* End PBXNativeTarget section */

/* Begin PBXProject section */
		447C78632BFB0FAA0066D390 /* Project object */ = {
			isa = PBXProject;
			attributes = {
				BuildIndependentTargetsInParallel = 1;
				LastSwiftUpdateCheck = 1530;
				LastUpgradeCheck = 1530;
				TargetAttributes = {
					447C786A2BFB0FAA0066D390 = {
						CreatedOnToolsVersion = 15.3;
					};
				};
			};
			buildConfigurationList = 447C78662BFB0FAA0066D390 /* Build configuration list for PBXProject "HoleInTheWallAlpha" */;
			compatibilityVersion = "Xcode 14.0";
			developmentRegion = en;
			hasScannedForEncodings = 0;
			knownRegions = (
				en,
				Base,
			);
			mainGroup = 447C78622BFB0FAA0066D390;
			productRefGroup = 447C786C2BFB0FAA0066D390 /* Products */;
			projectDirPath = "";
			projectRoot = "";
			targets = (
				447C786A2BFB0FAA0066D390 /* HoleInTheWallAlpha */,
			);
		};
/* End PBXProject section */

/* Begin PBXResourcesBuildPhase section */
		447C78692BFB0FAA0066D390 /* Resources */ = {
			isa = PBXResourcesBuildPhase;
			buildActionMask = 2147483647;
			files = (
				447C78762BFB0FAB0066D390 /* Preview Assets.xcassets in Resources */,
				447C78732BFB0FAB0066D390 /* Assets.xcassets in Resources */,
			);
			runOnlyForDeploymentPostprocessing = 0;
		};
/* End PBXResourcesBuildPhase section */

/* Begin PBXSourcesBuildPhase section */
		447C78672BFB0FAA0066D390 /* Sources */ = {
			isa = PBXSourcesBuildPhase;
			buildActionMask = 2147483647;
			files = (
				447C78A92BFDA2320066D390 /* AppDelegate.swift in Sources */,
				447C788A2BFB19D20066D390 /* StageModel.swift in Sources */,
				447C78A12BFC85EA0066D390 /* AButtonStyle.swift in Sources */,
				447C78882BFB18DC0066D390 /* Shape.swift in Sources */,
				447C788E2BFC53470066D390 /* CameraView.swift in Sources */,
				447C78A52BFC865A0066D390 /* ATextStyle.swift in Sources */,
				447C78A72BFD03730066D390 /* AspectRatioView.swift in Sources */,
				447C787E2BFB11790066D390 /* StagesScreenView.swift in Sources */,
				447C78982BFC73460066D390 /* PoseDetectionViewModel.swift in Sources */,
				447C78712BFB0FAA0066D390 /* ContentView.swift in Sources */,
				447C786F2BFB0FAA0066D390 /* HoleInTheWallAlphaApp.swift in Sources */,
				447C78862BFB168B0066D390 /* StartScreenView.swift in Sources */,
			);
			runOnlyForDeploymentPostprocessing = 0;
		};
/* End PBXSourcesBuildPhase section */

/* Begin XCBuildConfiguration section */
		447C78782BFB0FAB0066D390 /* Debug */ = {
			isa = XCBuildConfiguration;
			buildSettings = {
				ALWAYS_SEARCH_USER_PATHS = NO;
				ASSETCATALOG_COMPILER_GENERATE_SWIFT_ASSET_SYMBOL_EXTENSIONS = YES;
				CLANG_ANALYZER_NONNULL = YES;
				CLANG_ANALYZER_NUMBER_OBJECT_CONVERSION = YES_AGGRESSIVE;
				CLANG_CXX_LANGUAGE_STANDARD = "gnu++20";
				CLANG_ENABLE_MODULES = YES;
				CLANG_ENABLE_OBJC_ARC = YES;
				CLANG_ENABLE_OBJC_WEAK = YES;
				CLANG_WARN_BLOCK_CAPTURE_AUTORELEASING = YES;
				CLANG_WARN_BOOL_CONVERSION = YES;
				CLANG_WARN_COMMA = YES;
				CLANG_WARN_CONSTANT_CONVERSION = YES;
				CLANG_WARN_DEPRECATED_OBJC_IMPLEMENTATIONS = YES;
				CLANG_WARN_DIRECT_OBJC_ISA_USAGE = YES_ERROR;
				CLANG_WARN_DOCUMENTATION_COMMENTS = YES;
				CLANG_WARN_EMPTY_BODY = YES;
				CLANG_WARN_ENUM_CONVERSION = YES;
				CLANG_WARN_INFINITE_RECURSION = YES;
				CLANG_WARN_INT_CONVERSION = YES;
				CLANG_WARN_NON_LITERAL_NULL_CONVERSION = YES;
				CLANG_WARN_OBJC_IMPLICIT_RETAIN_SELF = YES;
				CLANG_WARN_OBJC_LITERAL_CONVERSION = YES;
				CLANG_WARN_OBJC_ROOT_CLASS = YES_ERROR;
				CLANG_WARN_QUOTED_INCLUDE_IN_FRAMEWORK_HEADER = YES;
				CLANG_WARN_RANGE_LOOP_ANALYSIS = YES;
				CLANG_WARN_STRICT_PROTOTYPES = YES;
				CLANG_WARN_SUSPICIOUS_MOVE = YES;
				CLANG_WARN_UNGUARDED_AVAILABILITY = YES_AGGRESSIVE;
				CLANG_WARN_UNREACHABLE_CODE = YES;
				CLANG_WARN__DUPLICATE_METHOD_MATCH = YES;
				COPY_PHASE_STRIP = NO;
				DEBUG_INFORMATION_FORMAT = dwarf;
				ENABLE_STRICT_OBJC_MSGSEND = YES;
				ENABLE_TESTABILITY = YES;
				ENABLE_USER_SCRIPT_SANDBOXING = YES;
				GCC_C_LANGUAGE_STANDARD = gnu17;
				GCC_DYNAMIC_NO_PIC = NO;
				GCC_NO_COMMON_BLOCKS = YES;
				GCC_OPTIMIZATION_LEVEL = 0;
				GCC_PREPROCESSOR_DEFINITIONS = (
					"DEBUG=1",
					"$(inherited)",
				);
				GCC_WARN_64_TO_32_BIT_CONVERSION = YES;
				GCC_WARN_ABOUT_RETURN_TYPE = YES_ERROR;
				GCC_WARN_UNDECLARED_SELECTOR = YES;
				GCC_WARN_UNINITIALIZED_AUTOS = YES_AGGRESSIVE;
				GCC_WARN_UNUSED_FUNCTION = YES;
				GCC_WARN_UNUSED_VARIABLE = YES;
				LOCALIZATION_PREFERS_STRING_CATALOGS = YES;
				MACOSX_DEPLOYMENT_TARGET = 14.4;
				MTL_ENABLE_DEBUG_INFO = INCLUDE_SOURCE;
				MTL_FAST_MATH = YES;
				ONLY_ACTIVE_ARCH = YES;
				SDKROOT = macosx;
				SWIFT_ACTIVE_COMPILATION_CONDITIONS = "DEBUG $(inherited)";
				SWIFT_OPTIMIZATION_LEVEL = "-Onone";
			};
			name = Debug;
		};
		447C78792BFB0FAB0066D390 /* Release */ = {
			isa = XCBuildConfiguration;
			buildSettings = {
				ALWAYS_SEARCH_USER_PATHS = NO;
				ASSETCATALOG_COMPILER_GENERATE_SWIFT_ASSET_SYMBOL_EXTENSIONS = YES;
				CLANG_ANALYZER_NONNULL = YES;
				CLANG_ANALYZER_NUMBER_OBJECT_CONVERSION = YES_AGGRESSIVE;
				CLANG_CXX_LANGUAGE_STANDARD = "gnu++20";
				CLANG_ENABLE_MODULES = YES;
				CLANG_ENABLE_OBJC_ARC = YES;
				CLANG_ENABLE_OBJC_WEAK = YES;
				CLANG_WARN_BLOCK_CAPTURE_AUTORELEASING = YES;
				CLANG_WARN_BOOL_CONVERSION = YES;
				CLANG_WARN_COMMA = YES;
				CLANG_WARN_CONSTANT_CONVERSION = YES;
				CLANG_WARN_DEPRECATED_OBJC_IMPLEMENTATIONS = YES;
				CLANG_WARN_DIRECT_OBJC_ISA_USAGE = YES_ERROR;
				CLANG_WARN_DOCUMENTATION_COMMENTS = YES;
				CLANG_WARN_EMPTY_BODY = YES;
				CLANG_WARN_ENUM_CONVERSION = YES;
				CLANG_WARN_INFINITE_RECURSION = YES;
				CLANG_WARN_INT_CONVERSION = YES;
				CLANG_WARN_NON_LITERAL_NULL_CONVERSION = YES;
				CLANG_WARN_OBJC_IMPLICIT_RETAIN_SELF = YES;
				CLANG_WARN_OBJC_LITERAL_CONVERSION = YES;
				CLANG_WARN_OBJC_ROOT_CLASS = YES_ERROR;
				CLANG_WARN_QUOTED_INCLUDE_IN_FRAMEWORK_HEADER = YES;
				CLANG_WARN_RANGE_LOOP_ANALYSIS = YES;
				CLANG_WARN_STRICT_PROTOTYPES = YES;
				CLANG_WARN_SUSPICIOUS_MOVE = YES;
				CLANG_WARN_UNGUARDED_AVAILABILITY = YES_AGGRESSIVE;
				CLANG_WARN_UNREACHABLE_CODE = YES;
				CLANG_WARN__DUPLICATE_METHOD_MATCH = YES;
				COPY_PHASE_STRIP = NO;
				DEBUG_INFORMATION_FORMAT = "dwarf-with-dsym";
				ENABLE_NS_ASSERTIONS = NO;
				ENABLE_STRICT_OBJC_MSGSEND = YES;
				ENABLE_USER_SCRIPT_SANDBOXING = YES;
				GCC_C_LANGUAGE_STANDARD = gnu17;
				GCC_NO_COMMON_BLOCKS = YES;
				GCC_WARN_64_TO_32_BIT_CONVERSION = YES;
				GCC_WARN_ABOUT_RETURN_TYPE = YES_ERROR;
				GCC_WARN_UNDECLARED_SELECTOR = YES;
				GCC_WARN_UNINITIALIZED_AUTOS = YES_AGGRESSIVE;
				GCC_WARN_UNUSED_FUNCTION = YES;
				GCC_WARN_UNUSED_VARIABLE = YES;
				LOCALIZATION_PREFERS_STRING_CATALOGS = YES;
				MACOSX_DEPLOYMENT_TARGET = 14.4;
				MTL_ENABLE_DEBUG_INFO = NO;
				MTL_FAST_MATH = YES;
				SDKROOT = macosx;
				SWIFT_COMPILATION_MODE = wholemodule;
			};
			name = Release;
		};
		447C787B2BFB0FAB0066D390 /* Debug */ = {
			isa = XCBuildConfiguration;
			buildSettings = {
				ASSETCATALOG_COMPILER_APPICON_NAME = AppIcon;
				ASSETCATALOG_COMPILER_GLOBAL_ACCENT_COLOR_NAME = AccentColor;
				CODE_SIGN_ENTITLEMENTS = HoleInTheWallAlpha/HoleInTheWallAlpha.entitlements;
				CODE_SIGN_STYLE = Automatic;
				COMBINE_HIDPI_IMAGES = YES;
				CURRENT_PROJECT_VERSION = 1;
				DEVELOPMENT_ASSET_PATHS = "\"HoleInTheWallAlpha/Preview Content\"";
				DEVELOPMENT_TEAM = 87N548UZ24;
				ENABLE_HARDENED_RUNTIME = YES;
				ENABLE_PREVIEWS = YES;
				GENERATE_INFOPLIST_FILE = YES;
				INFOPLIST_FILE = HoleInTheWallAlpha/Info.plist;
				INFOPLIST_KEY_NSHumanReadableCopyright = "";
				LD_RUNPATH_SEARCH_PATHS = (
					"$(inherited)",
					"@executable_path/../Frameworks",
				);
				MARKETING_VERSION = 1.0;
				PRODUCT_BUNDLE_IDENTIFIER = com.ariqsyahalam.HoleInTheWallAlpha;
				PRODUCT_NAME = "$(TARGET_NAME)";
				SWIFT_EMIT_LOC_STRINGS = YES;
				SWIFT_VERSION = 5.0;
			};
			name = Debug;
		};
		447C787C2BFB0FAB0066D390 /* Release */ = {
			isa = XCBuildConfiguration;
			buildSettings = {
				ASSETCATALOG_COMPILER_APPICON_NAME = AppIcon;
				ASSETCATALOG_COMPILER_GLOBAL_ACCENT_COLOR_NAME = AccentColor;
				CODE_SIGN_ENTITLEMENTS = HoleInTheWallAlpha/HoleInTheWallAlpha.entitlements;
				CODE_SIGN_STYLE = Automatic;
				COMBINE_HIDPI_IMAGES = YES;
				CURRENT_PROJECT_VERSION = 1;
				DEVELOPMENT_ASSET_PATHS = "\"HoleInTheWallAlpha/Preview Content\"";
				DEVELOPMENT_TEAM = 87N548UZ24;
				ENABLE_HARDENED_RUNTIME = YES;
				ENABLE_PREVIEWS = YES;
				GENERATE_INFOPLIST_FILE = YES;
				INFOPLIST_FILE = HoleInTheWallAlpha/Info.plist;
				INFOPLIST_KEY_NSHumanReadableCopyright = "";
				LD_RUNPATH_SEARCH_PATHS = (
					"$(inherited)",
					"@executable_path/../Frameworks",
				);
				MARKETING_VERSION = 1.0;
				PRODUCT_BUNDLE_IDENTIFIER = com.ariqsyahalam.HoleInTheWallAlpha;
				PRODUCT_NAME = "$(TARGET_NAME)";
				SWIFT_EMIT_LOC_STRINGS = YES;
				SWIFT_VERSION = 5.0;
			};
			name = Release;
		};
/* End XCBuildConfiguration section */

/* Begin XCConfigurationList section */
		447C78662BFB0FAA0066D390 /* Build configuration list for PBXProject "HoleInTheWallAlpha" */ = {
			isa = XCConfigurationList;
			buildConfigurations = (
				447C78782BFB0FAB0066D390 /* Debug */,
				447C78792BFB0FAB0066D390 /* Release */,
			);
			defaultConfigurationIsVisible = 0;
			defaultConfigurationName = Release;
		};
		447C787A2BFB0FAB0066D390 /* Build configuration list for PBXNativeTarget "HoleInTheWallAlpha" */ = {
			isa = XCConfigurationList;
			buildConfigurations = (
				447C787B2BFB0FAB0066D390 /* Debug */,
				447C787C2BFB0FAB0066D390 /* Release */,
			);
			defaultConfigurationIsVisible = 0;
			defaultConfigurationName = Release;
		};
/* End XCConfigurationList section */
	};
	rootObject = 447C78632BFB0FAA0066D390 /* Project object */;
}
